
Microsoft Visual Studio Solution File, Format Version 12.00
# Visual Studio Version 17
VisualStudioVersion = 17.5.002.0
MinimumVisualStudioVersion = 10.0.40219.1
Project("{2150E333-8FDC-42A3-9474-1A3956D46DE8}") = "semana01", "semana01", "{A297D4EB-860C-4EE5-82D9-AC33F3560604}"
EndProject
Project("{9A19103F-16F7-4668-BE54-9A1E7A4F7556}") = "helloword", "semana01\helloword\helloword.csproj", "{3FFDF6D3-BA81-47E1-937B-2F9464DD4C5C}"
EndProject
Project("{2150E333-8FDC-42A3-9474-1A3956D46DE8}") = "semana02", "semana02", "{2E292FCF-D347-4ED1-AB19-C3E7D97C02B0}"
EndProject
Project("{9A19103F-16F7-4668-BE54-9A1E7A4F7556}") = "exercicio01", "semana02\exercicio01\exercicio01.csproj", "{1FB3EAD3-47F9-40A4-A1D8-D686508A88D6}"
EndProject
Project("{9A19103F-16F7-4668-BE54-9A1E7A4F7556}") = "exercicio02", "semana02\exercicio02\exercicio02.csproj", "{8F0E9DD6-AEE3-4FDD-9210-54577CFFD40C}"
EndProject
Project("{9A19103F-16F7-4668-BE54-9A1E7A4F7556}") = "Pratica.NET-P002", "semana02\Pratica.NET-P002\Pratica.NET-P002.csproj", "{98297653-DE36-4AD2-B249-6072708D3D81}"
EndProject
Project("{9A19103F-16F7-4668-BE54-9A1E7A4F7556}") = "testForit", "semana02\testForit\testForit.csproj", "{5B3B8ABA-7322-4F6B-820E-4D61CA488FDE}"
EndProject
Project("{9A19103F-16F7-4668-BE54-9A1E7A4F7556}") = "testString", "semana02\testString\testString.csproj", "{A9B300CF-7068-441A-B2AF-B83D9BD62757}"
EndProject
Project("{2150E333-8FDC-42A3-9474-1A3956D46DE8}") = "semana03", "semana03", "{9D78F838-1F17-4662-8AD0-305FF3912F7E}"
EndProject
Project("{9A19103F-16F7-4668-BE54-9A1E7A4F7556}") = "exercicio01", "semana03\exercicio01\exercicio01.csproj", "{6D88F9A6-8638-4355-B602-39B919032396}"
EndProject
Project("{9A19103F-16F7-4668-BE54-9A1E7A4F7556}") = "pessoa", "semana03\pessoa\pessoa.csproj", "{63B2633D-D30C-4692-918E-194E59241D74}"
EndProject
Project("{2150E333-8FDC-42A3-9474-1A3956D46DE8}") = "Pratica.NET-P001", "Pratica.NET-P001", "{B99FBB24-2B73-48B4-89F7-4ACD1B48A701}"
EndProject
Project("{9A19103F-16F7-4668-BE54-9A1E7A4F7556}") = "atividade02", "semana01\Pratica.NET-P001\atividade02\atividade02.csproj", "{D6CD6669-4E95-4EFF-8A11-1FE411255996}"
EndProject
Project("{9A19103F-16F7-4668-BE54-9A1E7A4F7556}") = "Pratica.NET-P001", "semana01\Pratica.NET-P001\atividade03\Pratica.NET-P001.csproj", "{BB9B0CED-3C0C-4EE4-BA1E-AC333298DF82}"
EndProject
Project("{9A19103F-16F7-4668-BE54-9A1E7A4F7556}") = "atividade04", "semana01\Pratica.NET-P001\atividade04\atividade04.csproj", "{FC29AD28-4A4E-4A4C-A747-603384B25927}"
EndProject
Project("{9A19103F-16F7-4668-BE54-9A1E7A4F7556}") = "atividade05", "semana01\Pratica.NET-P001\atividade05\atividade05.csproj", "{8962CC03-09E2-43AB-9574-1E9BDE5F96B1}"
EndProject
Project("{9A19103F-16F7-4668-BE54-9A1E7A4F7556}") = "atividade06", "semana01\Pratica.NET-P001\atividade06\atividade06.csproj", "{CCB06D69-9852-4729-B741-3016962AFDDB}"
EndProject
Project("{9A19103F-16F7-4668-BE54-9A1E7A4F7556}") = "atividade07", "semana01\Pratica.NET-P001\atividade07\atividade07.csproj", "{0221D112-BED8-4077-BF48-62CE48B4604B}"
EndProject
Project("{9A19103F-16F7-4668-BE54-9A1E7A4F7556}") = "atividade08", "semana01\Pratica.NET-P001\atividade08\atividade08.csproj", "{CCCC109B-942F-40A7-B5BE-7FA622BCFD45}"
EndProject
Project("{2150E333-8FDC-42A3-9474-1A3956D46DE8}") = "exercicio01 (1)", "exercicio01", "{4A8759EB-B4F0-4E11-A8D8-8ACB250B8178}"
EndProject
Project("{9A19103F-16F7-4668-BE54-9A1E7A4F7556}") = "atvAula", "semana03\exercicio01\atvAula\atvAula.csproj", "{29D3EB52-B896-49C8-A298-51196F81337A}"
EndProject
Project("{FAE04EC0-301F-11D3-BF4B-00C04F79EFBC}") = "Pratica.NET-P003", "semana03\Pratica.NET-P003\Pratica.NET-P003.csproj", "{02C37152-6891-41D8-B796-2E4BB000BC40}"
EndProject
Global
	GlobalSection(SolutionConfigurationPlatforms) = preSolution
		Debug|Any CPU = Debug|Any CPU
		Release|Any CPU = Release|Any CPU
	EndGlobalSection
	GlobalSection(ProjectConfigurationPlatforms) = postSolution
		{3FFDF6D3-BA81-47E1-937B-2F9464DD4C5C}.Debug|Any CPU.ActiveCfg = Debug|Any CPU
		{3FFDF6D3-BA81-47E1-937B-2F9464DD4C5C}.Debug|Any CPU.Build.0 = Debug|Any CPU
		{3FFDF6D3-BA81-47E1-937B-2F9464DD4C5C}.Release|Any CPU.ActiveCfg = Release|Any CPU
		{3FFDF6D3-BA81-47E1-937B-2F9464DD4C5C}.Release|Any CPU.Build.0 = Release|Any CPU
		{1FB3EAD3-47F9-40A4-A1D8-D686508A88D6}.Debug|Any CPU.ActiveCfg = Debug|Any CPU
		{1FB3EAD3-47F9-40A4-A1D8-D686508A88D6}.Debug|Any CPU.Build.0 = Debug|Any CPU
		{1FB3EAD3-47F9-40A4-A1D8-D686508A88D6}.Release|Any CPU.ActiveCfg = Release|Any CPU
		{1FB3EAD3-47F9-40A4-A1D8-D686508A88D6}.Release|Any CPU.Build.0 = Release|Any CPU
		{8F0E9DD6-AEE3-4FDD-9210-54577CFFD40C}.Debug|Any CPU.ActiveCfg = Debug|Any CPU
		{8F0E9DD6-AEE3-4FDD-9210-54577CFFD40C}.Debug|Any CPU.Build.0 = Debug|Any CPU
		{8F0E9DD6-AEE3-4FDD-9210-54577CFFD40C}.Release|Any CPU.ActiveCfg = Release|Any CPU
		{8F0E9DD6-AEE3-4FDD-9210-54577CFFD40C}.Release|Any CPU.Build.0 = Release|Any CPU
		{98297653-DE36-4AD2-B249-6072708D3D81}.Debug|Any CPU.ActiveCfg = Debug|Any CPU
		{98297653-DE36-4AD2-B249-6072708D3D81}.Debug|Any CPU.Build.0 = Debug|Any CPU
		{98297653-DE36-4AD2-B249-6072708D3D81}.Release|Any CPU.ActiveCfg = Release|Any CPU
		{98297653-DE36-4AD2-B249-6072708D3D81}.Release|Any CPU.Build.0 = Release|Any CPU
		{5B3B8ABA-7322-4F6B-820E-4D61CA488FDE}.Debug|Any CPU.ActiveCfg = Debug|Any CPU
		{5B3B8ABA-7322-4F6B-820E-4D61CA488FDE}.Debug|Any CPU.Build.0 = Debug|Any CPU
		{5B3B8ABA-7322-4F6B-820E-4D61CA488FDE}.Release|Any CPU.ActiveCfg = Release|Any CPU
		{5B3B8ABA-7322-4F6B-820E-4D61CA488FDE}.Release|Any CPU.Build.0 = Release|Any CPU
		{A9B300CF-7068-441A-B2AF-B83D9BD62757}.Debug|Any CPU.ActiveCfg = Debug|Any CPU
		{A9B300CF-7068-441A-B2AF-B83D9BD62757}.Debug|Any CPU.Build.0 = Debug|Any CPU
		{A9B300CF-7068-441A-B2AF-B83D9BD62757}.Release|Any CPU.ActiveCfg = Release|Any CPU
		{A9B300CF-7068-441A-B2AF-B83D9BD62757}.Release|Any CPU.Build.0 = Release|Any CPU
		{6D88F9A6-8638-4355-B602-39B919032396}.Debug|Any CPU.ActiveCfg = Debug|Any CPU
		{6D88F9A6-8638-4355-B602-39B919032396}.Debug|Any CPU.Build.0 = Debug|Any CPU
		{6D88F9A6-8638-4355-B602-39B919032396}.Release|Any CPU.ActiveCfg = Release|Any CPU
		{6D88F9A6-8638-4355-B602-39B919032396}.Release|Any CPU.Build.0 = Release|Any CPU
		{63B2633D-D30C-4692-918E-194E59241D74}.Debug|Any CPU.ActiveCfg = Debug|Any CPU
		{63B2633D-D30C-4692-918E-194E59241D74}.Debug|Any CPU.Build.0 = Debug|Any CPU
		{63B2633D-D30C-4692-918E-194E59241D74}.Release|Any CPU.ActiveCfg = Release|Any CPU
		{63B2633D-D30C-4692-918E-194E59241D74}.Release|Any CPU.Build.0 = Release|Any CPU
		{D6CD6669-4E95-4EFF-8A11-1FE411255996}.Debug|Any CPU.ActiveCfg = Debug|Any CPU
		{D6CD6669-4E95-4EFF-8A11-1FE411255996}.Debug|Any CPU.Build.0 = Debug|Any CPU
		{D6CD6669-4E95-4EFF-8A11-1FE411255996}.Release|Any CPU.ActiveCfg = Release|Any CPU
		{D6CD6669-4E95-4EFF-8A11-1FE411255996}.Release|Any CPU.Build.0 = Release|Any CPU
		{BB9B0CED-3C0C-4EE4-BA1E-AC333298DF82}.Debug|Any CPU.ActiveCfg = Debug|Any CPU
		{BB9B0CED-3C0C-4EE4-BA1E-AC333298DF82}.Debug|Any CPU.Build.0 = Debug|Any CPU
		{BB9B0CED-3C0C-4EE4-BA1E-AC333298DF82}.Release|Any CPU.ActiveCfg = Release|Any CPU
		{BB9B0CED-3C0C-4EE4-BA1E-AC333298DF82}.Release|Any CPU.Build.0 = Release|Any CPU
		{FC29AD28-4A4E-4A4C-A747-603384B25927}.Debug|Any CPU.ActiveCfg = Debug|Any CPU
		{FC29AD28-4A4E-4A4C-A747-603384B25927}.Debug|Any CPU.Build.0 = Debug|Any CPU
		{FC29AD28-4A4E-4A4C-A747-603384B25927}.Release|Any CPU.ActiveCfg = Release|Any CPU
		{FC29AD28-4A4E-4A4C-A747-603384B25927}.Release|Any CPU.Build.0 = Release|Any CPU
		{8962CC03-09E2-43AB-9574-1E9BDE5F96B1}.Debug|Any CPU.ActiveCfg = Debug|Any CPU
		{8962CC03-09E2-43AB-9574-1E9BDE5F96B1}.Debug|Any CPU.Build.0 = Debug|Any CPU
		{8962CC03-09E2-43AB-9574-1E9BDE5F96B1}.Release|Any CPU.ActiveCfg = Release|Any CPU
		{8962CC03-09E2-43AB-9574-1E9BDE5F96B1}.Release|Any CPU.Build.0 = Release|Any CPU
		{CCB06D69-9852-4729-B741-3016962AFDDB}.Debug|Any CPU.ActiveCfg = Debug|Any CPU
		{CCB06D69-9852-4729-B741-3016962AFDDB}.Debug|Any CPU.Build.0 = Debug|Any CPU
		{CCB06D69-9852-4729-B741-3016962AFDDB}.Release|Any CPU.ActiveCfg = Release|Any CPU
		{CCB06D69-9852-4729-B741-3016962AFDDB}.Release|Any CPU.Build.0 = Release|Any CPU
		{0221D112-BED8-4077-BF48-62CE48B4604B}.Debug|Any CPU.ActiveCfg = Debug|Any CPU
		{0221D112-BED8-4077-BF48-62CE48B4604B}.Debug|Any CPU.Build.0 = Debug|Any CPU
		{0221D112-BED8-4077-BF48-62CE48B4604B}.Release|Any CPU.ActiveCfg = Release|Any CPU
		{0221D112-BED8-4077-BF48-62CE48B4604B}.Release|Any CPU.Build.0 = Release|Any CPU
		{CCCC109B-942F-40A7-B5BE-7FA622BCFD45}.Debug|Any CPU.ActiveCfg = Debug|Any CPU
		{CCCC109B-942F-40A7-B5BE-7FA622BCFD45}.Debug|Any CPU.Build.0 = Debug|Any CPU
		{CCCC109B-942F-40A7-B5BE-7FA622BCFD45}.Release|Any CPU.ActiveCfg = Release|Any CPU
		{CCCC109B-942F-40A7-B5BE-7FA622BCFD45}.Release|Any CPU.Build.0 = Release|Any CPU
		{29D3EB52-B896-49C8-A298-51196F81337A}.Debug|Any CPU.ActiveCfg = Debug|Any CPU
		{29D3EB52-B896-49C8-A298-51196F81337A}.Debug|Any CPU.Build.0 = Debug|Any CPU
		{29D3EB52-B896-49C8-A298-51196F81337A}.Release|Any CPU.ActiveCfg = Release|Any CPU
		{29D3EB52-B896-49C8-A298-51196F81337A}.Release|Any CPU.Build.0 = Release|Any CPU
		{02C37152-6891-41D8-B796-2E4BB000BC40}.Debug|Any CPU.ActiveCfg = Debug|Any CPU
		{02C37152-6891-41D8-B796-2E4BB000BC40}.Debug|Any CPU.Build.0 = Debug|Any CPU
		{02C37152-6891-41D8-B796-2E4BB000BC40}.Release|Any CPU.ActiveCfg = Release|Any CPU
		{02C37152-6891-41D8-B796-2E4BB000BC40}.Release|Any CPU.Build.0 = Release|Any CPU
	EndGlobalSection
	GlobalSection(SolutionProperties) = preSolution
		HideSolutionNode = FALSE
	EndGlobalSection
	GlobalSection(NestedProjects) = preSolution
		{3FFDF6D3-BA81-47E1-937B-2F9464DD4C5C} = {A297D4EB-860C-4EE5-82D9-AC33F3560604}
		{1FB3EAD3-47F9-40A4-A1D8-D686508A88D6} = {2E292FCF-D347-4ED1-AB19-C3E7D97C02B0}
		{8F0E9DD6-AEE3-4FDD-9210-54577CFFD40C} = {2E292FCF-D347-4ED1-AB19-C3E7D97C02B0}
		{98297653-DE36-4AD2-B249-6072708D3D81} = {2E292FCF-D347-4ED1-AB19-C3E7D97C02B0}
		{5B3B8ABA-7322-4F6B-820E-4D61CA488FDE} = {2E292FCF-D347-4ED1-AB19-C3E7D97C02B0}
		{A9B300CF-7068-441A-B2AF-B83D9BD62757} = {2E292FCF-D347-4ED1-AB19-C3E7D97C02B0}
		{6D88F9A6-8638-4355-B602-39B919032396} = {9D78F838-1F17-4662-8AD0-305FF3912F7E}
		{63B2633D-D30C-4692-918E-194E59241D74} = {9D78F838-1F17-4662-8AD0-305FF3912F7E}
		{B99FBB24-2B73-48B4-89F7-4ACD1B48A701} = {A297D4EB-860C-4EE5-82D9-AC33F3560604}
		{D6CD6669-4E95-4EFF-8A11-1FE411255996} = {B99FBB24-2B73-48B4-89F7-4ACD1B48A701}
		{BB9B0CED-3C0C-4EE4-BA1E-AC333298DF82} = {B99FBB24-2B73-48B4-89F7-4ACD1B48A701}
		{FC29AD28-4A4E-4A4C-A747-603384B25927} = {B99FBB24-2B73-48B4-89F7-4ACD1B48A701}
		{8962CC03-09E2-43AB-9574-1E9BDE5F96B1} = {B99FBB24-2B73-48B4-89F7-4ACD1B48A701}
		{CCB06D69-9852-4729-B741-3016962AFDDB} = {B99FBB24-2B73-48B4-89F7-4ACD1B48A701}
		{0221D112-BED8-4077-BF48-62CE48B4604B} = {B99FBB24-2B73-48B4-89F7-4ACD1B48A701}
		{CCCC109B-942F-40A7-B5BE-7FA622BCFD45} = {B99FBB24-2B73-48B4-89F7-4ACD1B48A701}
		{4A8759EB-B4F0-4E11-A8D8-8ACB250B8178} = {9D78F838-1F17-4662-8AD0-305FF3912F7E}
		{29D3EB52-B896-49C8-A298-51196F81337A} = {4A8759EB-B4F0-4E11-A8D8-8ACB250B8178}
		{02C37152-6891-41D8-B796-2E4BB000BC40} = {9D78F838-1F17-4662-8AD0-305FF3912F7E}
	EndGlobalSection
	GlobalSection(ExtensibilityGlobals) = postSolution
		SolutionGuid = {AE883DD2-EAAC-488F-812B-E5AC72E3A220}
	EndGlobalSection
EndGlobal
