
Microsoft Visual Studio Solution File, Format Version 12.00
# Visual Studio Version 17
VisualStudioVersion = 17.5.002.0
MinimumVisualStudioVersion = 10.0.40219.1
Project("{2150E333-8FDC-42A3-9474-1A3956D46DE8}") = "semana01", "semana01", "{09CC0748-90F9-4D18-88F3-9BD6E43BEAE7}"
EndProject
Project("{9A19103F-16F7-4668-BE54-9A1E7A4F7556}") = "helloword", "semana01\helloword\helloword.csproj", "{0AA9FC9B-7CA1-454B-9322-71C7FAF6938C}"
EndProject
Project("{2150E333-8FDC-42A3-9474-1A3956D46DE8}") = "semana02", "semana02", "{39F1A6ED-05CC-4A82-8807-DFC6E04AAE02}"
EndProject
Project("{9A19103F-16F7-4668-BE54-9A1E7A4F7556}") = "exercicio01", "semana02\exercicio01\exercicio01.csproj", "{3BAA9937-3D4F-4C3C-9653-B1778D619B5E}"
EndProject
Project("{9A19103F-16F7-4668-BE54-9A1E7A4F7556}") = "testString", "semana02\testString\testString.csproj", "{1C7A0886-7229-42BA-BB32-A16735D6E9C0}"
EndProject
Project("{9A19103F-16F7-4668-BE54-9A1E7A4F7556}") = "Pratica.NET-P002", "semana02\Pratica.NET-P002\Pratica.NET-P002.csproj", "{D2FDEADE-BFBB-4742-A6C8-B5EF0FB2C012}"
EndProject
Project("{9A19103F-16F7-4668-BE54-9A1E7A4F7556}") = "exercicio02", "semana02\exercicio02\exercicio02.csproj", "{60B00423-E972-4CCA-96A5-EF04C5248DF9}"
EndProject
Project("{9A19103F-16F7-4668-BE54-9A1E7A4F7556}") = "testForit", "semana02\testForit\testForit.csproj", "{1E5C0700-1975-4972-8F46-56F76300B3A9}"
EndProject
Project("{2150E333-8FDC-42A3-9474-1A3956D46DE8}") = "semana03", "semana03", "{80D06A7E-0E57-4142-BECF-F48B147B031F}"
EndProject
Project("{9A19103F-16F7-4668-BE54-9A1E7A4F7556}") = "exercicio01", "semana03\exercicio01\exercicio01.csproj", "{46F92568-6FC9-4A71-A19C-1BD8CD5CEDDE}"
EndProject
Project("{9A19103F-16F7-4668-BE54-9A1E7A4F7556}") = "pessoa", "semana03\pessoa\pessoa.csproj", "{FFB8DE64-81F2-4009-9008-1FA1B293FD85}"
EndProject
Project("{2150E333-8FDC-42A3-9474-1A3956D46DE8}") = "Pratica.NET-P001", "Pratica.NET-P001", "{434E09AA-2144-4036-A810-F131053B0DB6}"
EndProject
Project("{9A19103F-16F7-4668-BE54-9A1E7A4F7556}") = "atividade05", "semana01\Pratica.NET-P001\atividade05\atividade05.csproj", "{7E3B37A4-0AF1-42E0-87A3-A2DFD1C2BDAC}"
EndProject
Project("{9A19103F-16F7-4668-BE54-9A1E7A4F7556}") = "atividade04", "semana01\Pratica.NET-P001\atividade04\atividade04.csproj", "{A5C452A7-CD8B-42A7-9AF0-AD3BC311DA47}"
EndProject
Project("{9A19103F-16F7-4668-BE54-9A1E7A4F7556}") = "atividade07", "semana01\Pratica.NET-P001\atividade07\atividade07.csproj", "{AF9A9FBF-652C-487D-9FA4-5128606B0DB4}"
EndProject
Project("{9A19103F-16F7-4668-BE54-9A1E7A4F7556}") = "atividade02", "semana01\Pratica.NET-P001\atividade02\atividade02.csproj", "{9A833A9C-4BB7-49D3-A6C7-8EB3DFEAC505}"
EndProject
Project("{9A19103F-16F7-4668-BE54-9A1E7A4F7556}") = "Pratica.NET-P001", "semana01\Pratica.NET-P001\atividade03\Pratica.NET-P001.csproj", "{A3777026-040B-44C3-B1D7-E3C016CFA8C3}"
EndProject
Project("{9A19103F-16F7-4668-BE54-9A1E7A4F7556}") = "atividade06", "semana01\Pratica.NET-P001\atividade06\atividade06.csproj", "{9AACF61B-CF28-4B55-8D85-975B50D70C5A}"
EndProject
Project("{9A19103F-16F7-4668-BE54-9A1E7A4F7556}") = "atividade08", "semana01\Pratica.NET-P001\atividade08\atividade08.csproj", "{109940F4-18E6-41FD-A7F3-26E85B02082E}"
EndProject
Project("{2150E333-8FDC-42A3-9474-1A3956D46DE8}") = "exercicio01 (1)", "exercicio01", "{701EA9F4-324B-412B-A2D8-09A2B235BA9A}"
EndProject
Project("{9A19103F-16F7-4668-BE54-9A1E7A4F7556}") = "atvAula", "semana03\exercicio01\atvAula\atvAula.csproj", "{4EC0D4E5-B0C7-4EF7-9279-DC9E3A724D7F}"
EndProject
Project("{2150E333-8FDC-42A3-9474-1A3956D46DE8}") = "semana04", "semana04", "{345B012D-5E45-4BB6-AF4C-1CF06A5B7EDA}"
EndProject
Project("{2150E333-8FDC-42A3-9474-1A3956D46DE8}") = "Exercicio", "Exercicio", "{C8D23F06-9AB4-4177-AD91-C932BDD1EAEA}"
EndProject
Project("{FAE04EC0-301F-11D3-BF4B-00C04F79EFBC}") = "Exercicio1", "semana04\Exercicio\Exercicio1\Exercicio1.csproj", "{AF8B3A02-653D-4411-89F4-627224791BBB}"
EndProject
Project("{FAE04EC0-301F-11D3-BF4B-00C04F79EFBC}") = "Exercicio2", "semana04\Exercicio\Exercicio2\Exercicio2.csproj", "{60866510-E14C-4E5A-A1B2-ADD50FAC3FDA}"
EndProject
Project("{2150E333-8FDC-42A3-9474-1A3956D46DE8}") = "AvaliacaoDotNet", "AvaliacaoDotNet", "{9A463E16-E645-46B5-9C64-C7CF5FA79DB5}"
EndProject
Project("{2150E333-8FDC-42A3-9474-1A3956D46DE8}") = "AvaliacaoIndividual", "AvaliacaoIndividual", "{9C257B0E-6648-42FC-B89F-946960F07CF3}"
EndProject
Project("{FAE04EC0-301F-11D3-BF4B-00C04F79EFBC}") = "ClinicaMedica", "AvaliacaoDotNet\AvaliacaoIndividual\ClinicaMedica\ClinicaMedica.csproj", "{EEA83E39-7B24-493D-A918-7528E94E4EFC}"
EndProject
Global
	GlobalSection(SolutionConfigurationPlatforms) = preSolution
		Debug|Any CPU = Debug|Any CPU
		Release|Any CPU = Release|Any CPU
	EndGlobalSection
	GlobalSection(ProjectConfigurationPlatforms) = postSolution
		{0AA9FC9B-7CA1-454B-9322-71C7FAF6938C}.Debug|Any CPU.ActiveCfg = Debug|Any CPU
		{0AA9FC9B-7CA1-454B-9322-71C7FAF6938C}.Debug|Any CPU.Build.0 = Debug|Any CPU
		{0AA9FC9B-7CA1-454B-9322-71C7FAF6938C}.Release|Any CPU.ActiveCfg = Release|Any CPU
		{0AA9FC9B-7CA1-454B-9322-71C7FAF6938C}.Release|Any CPU.Build.0 = Release|Any CPU
		{3BAA9937-3D4F-4C3C-9653-B1778D619B5E}.Debug|Any CPU.ActiveCfg = Debug|Any CPU
		{3BAA9937-3D4F-4C3C-9653-B1778D619B5E}.Debug|Any CPU.Build.0 = Debug|Any CPU
		{3BAA9937-3D4F-4C3C-9653-B1778D619B5E}.Release|Any CPU.ActiveCfg = Release|Any CPU
		{3BAA9937-3D4F-4C3C-9653-B1778D619B5E}.Release|Any CPU.Build.0 = Release|Any CPU
		{1C7A0886-7229-42BA-BB32-A16735D6E9C0}.Debug|Any CPU.ActiveCfg = Debug|Any CPU
		{1C7A0886-7229-42BA-BB32-A16735D6E9C0}.Debug|Any CPU.Build.0 = Debug|Any CPU
		{1C7A0886-7229-42BA-BB32-A16735D6E9C0}.Release|Any CPU.ActiveCfg = Release|Any CPU
		{1C7A0886-7229-42BA-BB32-A16735D6E9C0}.Release|Any CPU.Build.0 = Release|Any CPU
		{D2FDEADE-BFBB-4742-A6C8-B5EF0FB2C012}.Debug|Any CPU.ActiveCfg = Debug|Any CPU
		{D2FDEADE-BFBB-4742-A6C8-B5EF0FB2C012}.Debug|Any CPU.Build.0 = Debug|Any CPU
		{D2FDEADE-BFBB-4742-A6C8-B5EF0FB2C012}.Release|Any CPU.ActiveCfg = Release|Any CPU
		{D2FDEADE-BFBB-4742-A6C8-B5EF0FB2C012}.Release|Any CPU.Build.0 = Release|Any CPU
		{60B00423-E972-4CCA-96A5-EF04C5248DF9}.Debug|Any CPU.ActiveCfg = Debug|Any CPU
		{60B00423-E972-4CCA-96A5-EF04C5248DF9}.Debug|Any CPU.Build.0 = Debug|Any CPU
		{60B00423-E972-4CCA-96A5-EF04C5248DF9}.Release|Any CPU.ActiveCfg = Release|Any CPU
		{60B00423-E972-4CCA-96A5-EF04C5248DF9}.Release|Any CPU.Build.0 = Release|Any CPU
		{1E5C0700-1975-4972-8F46-56F76300B3A9}.Debug|Any CPU.ActiveCfg = Debug|Any CPU
		{1E5C0700-1975-4972-8F46-56F76300B3A9}.Debug|Any CPU.Build.0 = Debug|Any CPU
		{1E5C0700-1975-4972-8F46-56F76300B3A9}.Release|Any CPU.ActiveCfg = Release|Any CPU
		{1E5C0700-1975-4972-8F46-56F76300B3A9}.Release|Any CPU.Build.0 = Release|Any CPU
		{46F92568-6FC9-4A71-A19C-1BD8CD5CEDDE}.Debug|Any CPU.ActiveCfg = Debug|Any CPU
		{46F92568-6FC9-4A71-A19C-1BD8CD5CEDDE}.Debug|Any CPU.Build.0 = Debug|Any CPU
		{46F92568-6FC9-4A71-A19C-1BD8CD5CEDDE}.Release|Any CPU.ActiveCfg = Release|Any CPU
		{46F92568-6FC9-4A71-A19C-1BD8CD5CEDDE}.Release|Any CPU.Build.0 = Release|Any CPU
		{FFB8DE64-81F2-4009-9008-1FA1B293FD85}.Debug|Any CPU.ActiveCfg = Debug|Any CPU
		{FFB8DE64-81F2-4009-9008-1FA1B293FD85}.Debug|Any CPU.Build.0 = Debug|Any CPU
		{FFB8DE64-81F2-4009-9008-1FA1B293FD85}.Release|Any CPU.ActiveCfg = Release|Any CPU
		{FFB8DE64-81F2-4009-9008-1FA1B293FD85}.Release|Any CPU.Build.0 = Release|Any CPU
		{7E3B37A4-0AF1-42E0-87A3-A2DFD1C2BDAC}.Debug|Any CPU.ActiveCfg = Debug|Any CPU
		{7E3B37A4-0AF1-42E0-87A3-A2DFD1C2BDAC}.Debug|Any CPU.Build.0 = Debug|Any CPU
		{7E3B37A4-0AF1-42E0-87A3-A2DFD1C2BDAC}.Release|Any CPU.ActiveCfg = Release|Any CPU
		{7E3B37A4-0AF1-42E0-87A3-A2DFD1C2BDAC}.Release|Any CPU.Build.0 = Release|Any CPU
		{A5C452A7-CD8B-42A7-9AF0-AD3BC311DA47}.Debug|Any CPU.ActiveCfg = Debug|Any CPU
		{A5C452A7-CD8B-42A7-9AF0-AD3BC311DA47}.Debug|Any CPU.Build.0 = Debug|Any CPU
		{A5C452A7-CD8B-42A7-9AF0-AD3BC311DA47}.Release|Any CPU.ActiveCfg = Release|Any CPU
		{A5C452A7-CD8B-42A7-9AF0-AD3BC311DA47}.Release|Any CPU.Build.0 = Release|Any CPU
		{AF9A9FBF-652C-487D-9FA4-5128606B0DB4}.Debug|Any CPU.ActiveCfg = Debug|Any CPU
		{AF9A9FBF-652C-487D-9FA4-5128606B0DB4}.Debug|Any CPU.Build.0 = Debug|Any CPU
		{AF9A9FBF-652C-487D-9FA4-5128606B0DB4}.Release|Any CPU.ActiveCfg = Release|Any CPU
		{AF9A9FBF-652C-487D-9FA4-5128606B0DB4}.Release|Any CPU.Build.0 = Release|Any CPU
		{9A833A9C-4BB7-49D3-A6C7-8EB3DFEAC505}.Debug|Any CPU.ActiveCfg = Debug|Any CPU
		{9A833A9C-4BB7-49D3-A6C7-8EB3DFEAC505}.Debug|Any CPU.Build.0 = Debug|Any CPU
		{9A833A9C-4BB7-49D3-A6C7-8EB3DFEAC505}.Release|Any CPU.ActiveCfg = Release|Any CPU
		{9A833A9C-4BB7-49D3-A6C7-8EB3DFEAC505}.Release|Any CPU.Build.0 = Release|Any CPU
		{A3777026-040B-44C3-B1D7-E3C016CFA8C3}.Debug|Any CPU.ActiveCfg = Debug|Any CPU
		{A3777026-040B-44C3-B1D7-E3C016CFA8C3}.Debug|Any CPU.Build.0 = Debug|Any CPU
		{A3777026-040B-44C3-B1D7-E3C016CFA8C3}.Release|Any CPU.ActiveCfg = Release|Any CPU
		{A3777026-040B-44C3-B1D7-E3C016CFA8C3}.Release|Any CPU.Build.0 = Release|Any CPU
		{9AACF61B-CF28-4B55-8D85-975B50D70C5A}.Debug|Any CPU.ActiveCfg = Debug|Any CPU
		{9AACF61B-CF28-4B55-8D85-975B50D70C5A}.Debug|Any CPU.Build.0 = Debug|Any CPU
		{9AACF61B-CF28-4B55-8D85-975B50D70C5A}.Release|Any CPU.ActiveCfg = Release|Any CPU
		{9AACF61B-CF28-4B55-8D85-975B50D70C5A}.Release|Any CPU.Build.0 = Release|Any CPU
		{109940F4-18E6-41FD-A7F3-26E85B02082E}.Debug|Any CPU.ActiveCfg = Debug|Any CPU
		{109940F4-18E6-41FD-A7F3-26E85B02082E}.Debug|Any CPU.Build.0 = Debug|Any CPU
		{109940F4-18E6-41FD-A7F3-26E85B02082E}.Release|Any CPU.ActiveCfg = Release|Any CPU
		{109940F4-18E6-41FD-A7F3-26E85B02082E}.Release|Any CPU.Build.0 = Release|Any CPU
		{4EC0D4E5-B0C7-4EF7-9279-DC9E3A724D7F}.Debug|Any CPU.ActiveCfg = Debug|Any CPU
		{4EC0D4E5-B0C7-4EF7-9279-DC9E3A724D7F}.Debug|Any CPU.Build.0 = Debug|Any CPU
		{4EC0D4E5-B0C7-4EF7-9279-DC9E3A724D7F}.Release|Any CPU.ActiveCfg = Release|Any CPU
		{4EC0D4E5-B0C7-4EF7-9279-DC9E3A724D7F}.Release|Any CPU.Build.0 = Release|Any CPU
		{AF8B3A02-653D-4411-89F4-627224791BBB}.Debug|Any CPU.ActiveCfg = Debug|Any CPU
		{AF8B3A02-653D-4411-89F4-627224791BBB}.Debug|Any CPU.Build.0 = Debug|Any CPU
		{AF8B3A02-653D-4411-89F4-627224791BBB}.Release|Any CPU.ActiveCfg = Release|Any CPU
		{AF8B3A02-653D-4411-89F4-627224791BBB}.Release|Any CPU.Build.0 = Release|Any CPU
		{60866510-E14C-4E5A-A1B2-ADD50FAC3FDA}.Debug|Any CPU.ActiveCfg = Debug|Any CPU
		{60866510-E14C-4E5A-A1B2-ADD50FAC3FDA}.Debug|Any CPU.Build.0 = Debug|Any CPU
		{60866510-E14C-4E5A-A1B2-ADD50FAC3FDA}.Release|Any CPU.ActiveCfg = Release|Any CPU
		{60866510-E14C-4E5A-A1B2-ADD50FAC3FDA}.Release|Any CPU.Build.0 = Release|Any CPU
		{EEA83E39-7B24-493D-A918-7528E94E4EFC}.Debug|Any CPU.ActiveCfg = Debug|Any CPU
		{EEA83E39-7B24-493D-A918-7528E94E4EFC}.Debug|Any CPU.Build.0 = Debug|Any CPU
		{EEA83E39-7B24-493D-A918-7528E94E4EFC}.Release|Any CPU.ActiveCfg = Release|Any CPU
		{EEA83E39-7B24-493D-A918-7528E94E4EFC}.Release|Any CPU.Build.0 = Release|Any CPU
	EndGlobalSection
	GlobalSection(SolutionProperties) = preSolution
		HideSolutionNode = FALSE
	EndGlobalSection
	GlobalSection(NestedProjects) = preSolution
		{0AA9FC9B-7CA1-454B-9322-71C7FAF6938C} = {09CC0748-90F9-4D18-88F3-9BD6E43BEAE7}
		{3BAA9937-3D4F-4C3C-9653-B1778D619B5E} = {39F1A6ED-05CC-4A82-8807-DFC6E04AAE02}
		{1C7A0886-7229-42BA-BB32-A16735D6E9C0} = {39F1A6ED-05CC-4A82-8807-DFC6E04AAE02}
		{D2FDEADE-BFBB-4742-A6C8-B5EF0FB2C012} = {39F1A6ED-05CC-4A82-8807-DFC6E04AAE02}
		{60B00423-E972-4CCA-96A5-EF04C5248DF9} = {39F1A6ED-05CC-4A82-8807-DFC6E04AAE02}
		{1E5C0700-1975-4972-8F46-56F76300B3A9} = {39F1A6ED-05CC-4A82-8807-DFC6E04AAE02}
		{46F92568-6FC9-4A71-A19C-1BD8CD5CEDDE} = {80D06A7E-0E57-4142-BECF-F48B147B031F}
		{FFB8DE64-81F2-4009-9008-1FA1B293FD85} = {80D06A7E-0E57-4142-BECF-F48B147B031F}
		{434E09AA-2144-4036-A810-F131053B0DB6} = {09CC0748-90F9-4D18-88F3-9BD6E43BEAE7}
		{7E3B37A4-0AF1-42E0-87A3-A2DFD1C2BDAC} = {434E09AA-2144-4036-A810-F131053B0DB6}
		{A5C452A7-CD8B-42A7-9AF0-AD3BC311DA47} = {434E09AA-2144-4036-A810-F131053B0DB6}
		{AF9A9FBF-652C-487D-9FA4-5128606B0DB4} = {434E09AA-2144-4036-A810-F131053B0DB6}
		{9A833A9C-4BB7-49D3-A6C7-8EB3DFEAC505} = {434E09AA-2144-4036-A810-F131053B0DB6}
		{A3777026-040B-44C3-B1D7-E3C016CFA8C3} = {434E09AA-2144-4036-A810-F131053B0DB6}
		{9AACF61B-CF28-4B55-8D85-975B50D70C5A} = {434E09AA-2144-4036-A810-F131053B0DB6}
		{109940F4-18E6-41FD-A7F3-26E85B02082E} = {434E09AA-2144-4036-A810-F131053B0DB6}
		{701EA9F4-324B-412B-A2D8-09A2B235BA9A} = {80D06A7E-0E57-4142-BECF-F48B147B031F}
		{4EC0D4E5-B0C7-4EF7-9279-DC9E3A724D7F} = {701EA9F4-324B-412B-A2D8-09A2B235BA9A}
		{C8D23F06-9AB4-4177-AD91-C932BDD1EAEA} = {345B012D-5E45-4BB6-AF4C-1CF06A5B7EDA}
		{AF8B3A02-653D-4411-89F4-627224791BBB} = {C8D23F06-9AB4-4177-AD91-C932BDD1EAEA}
		{60866510-E14C-4E5A-A1B2-ADD50FAC3FDA} = {C8D23F06-9AB4-4177-AD91-C932BDD1EAEA}
		{9C257B0E-6648-42FC-B89F-946960F07CF3} = {9A463E16-E645-46B5-9C64-C7CF5FA79DB5}
		{EEA83E39-7B24-493D-A918-7528E94E4EFC} = {9C257B0E-6648-42FC-B89F-946960F07CF3}
	EndGlobalSection
	GlobalSection(ExtensibilityGlobals) = postSolution
		SolutionGuid = {A481938A-CF84-490C-B6B9-2A04E90CCBD8}
	EndGlobalSection
EndGlobal
